
Microsoft Visual Studio Solution File, Format Version 12.00
# Visual Studio 2013
VisualStudioVersion = 12.0.31101.0
MinimumVisualStudioVersion = 10.0.40219.1
Project("{2150E333-8FDC-42A3-9474-1A3956D46DE8}") = "Solution Items", "Solution Items", "{3718D225-EC78-45A4-BEEC-07DB37A411C2}"
	ProjectSection(SolutionItems) = preProject
		ConfigurationTransform.vsmdi = ConfigurationTransform.vsmdi
		Local.testsettings = Local.testsettings
		TraceAndTestImpact.testsettings = TraceAndTestImpact.testsettings
	EndProjectSection
EndProject
Project("{FAE04EC0-301F-11D3-BF4B-00C04F79EFBC}") = "ConfigurationTransform", "ConfigurationTransform\ConfigurationTransform.csproj", "{E4538816-241F-40B4-B962-65CCF294FBBA}"
EndProject
Project("{FAE04EC0-301F-11D3-BF4B-00C04F79EFBC}") = "ConfigurationTransform.Test", "ConfigurationTransform.Test\ConfigurationTransform.Test.csproj", "{FD8CFB45-F75B-40DC-899A-F07233BA64E7}"
EndProject
Project("{2150E333-8FDC-42A3-9474-1A3956D46DE8}") = "SolutionResources", "SolutionResources", "{48E4E05B-7604-477A-A450-6DDE8210C3CF}"
	ProjectSection(SolutionItems) = preProject
		SolutionResources\envdte.dll = SolutionResources\envdte.dll
		SolutionResources\Microsoft.VisualStudio.OLE.Interop.dll = SolutionResources\Microsoft.VisualStudio.OLE.Interop.dll
		SolutionResources\Microsoft.VisualStudio.Shell.10.0.dll = SolutionResources\Microsoft.VisualStudio.Shell.10.0.dll
		SolutionResources\Microsoft.VisualStudio.Shell.Immutable.10.0.dll = SolutionResources\Microsoft.VisualStudio.Shell.Immutable.10.0.dll
		SolutionResources\Microsoft.VisualStudio.Shell.Interop.10.0.dll = SolutionResources\Microsoft.VisualStudio.Shell.Interop.10.0.dll
		SolutionResources\Microsoft.VisualStudio.Shell.Interop.11.0.dll = SolutionResources\Microsoft.VisualStudio.Shell.Interop.11.0.dll
		SolutionResources\Microsoft.VisualStudio.Shell.Interop.12.0.dll = SolutionResources\Microsoft.VisualStudio.Shell.Interop.12.0.dll
		SolutionResources\Microsoft.VisualStudio.Shell.Interop.8.0.dll = SolutionResources\Microsoft.VisualStudio.Shell.Interop.8.0.dll
		SolutionResources\Microsoft.VisualStudio.Shell.Interop.9.0.dll = SolutionResources\Microsoft.VisualStudio.Shell.Interop.9.0.dll
		SolutionResources\Microsoft.VisualStudio.Shell.Interop.dll = SolutionResources\Microsoft.VisualStudio.Shell.Interop.dll
		SolutionResources\Microsoft.Web.XmlTransform.dll = SolutionResources\Microsoft.Web.XmlTransform.dll
	EndProjectSection
EndProject
Global
	GlobalSection(SolutionConfigurationPlatforms) = preSolution
		Debug|Any CPU = Debug|Any CPU
		Release|Any CPU = Release|Any CPU
	EndGlobalSection
	GlobalSection(ProjectConfigurationPlatforms) = postSolution
		{E4538816-241F-40B4-B962-65CCF294FBBA}.Debug|Any CPU.ActiveCfg = Debug|Any CPU
		{E4538816-241F-40B4-B962-65CCF294FBBA}.Debug|Any CPU.Build.0 = Debug|Any CPU
		{E4538816-241F-40B4-B962-65CCF294FBBA}.Release|Any CPU.ActiveCfg = Release|Any CPU
		{E4538816-241F-40B4-B962-65CCF294FBBA}.Release|Any CPU.Build.0 = Release|Any CPU
		{FD8CFB45-F75B-40DC-899A-F07233BA64E7}.Debug|Any CPU.ActiveCfg = Debug|Any CPU
		{FD8CFB45-F75B-40DC-899A-F07233BA64E7}.Debug|Any CPU.Build.0 = Debug|Any CPU
		{FD8CFB45-F75B-40DC-899A-F07233BA64E7}.Release|Any CPU.ActiveCfg = Release|Any CPU
		{FD8CFB45-F75B-40DC-899A-F07233BA64E7}.Release|Any CPU.Build.0 = Release|Any CPU
	EndGlobalSection
	GlobalSection(SolutionProperties) = preSolution
		HideSolutionNode = FALSE
	EndGlobalSection
	GlobalSection(TestCaseManagementSettings) = postSolution
		CategoryFile = ConfigurationTransform.vsmdi
	EndGlobalSection
EndGlobal
